
Microsoft Visual Studio Solution File, Format Version 12.00
# Visual Studio Version 17
VisualStudioVersion = 17.7.34031.279
MinimumVisualStudioVersion = 10.0.40219.1
Project("{FAE04EC0-301F-11D3-BF4B-00C04F79EFBC}") = "Project01", "Project01.csproj", "{4AC9BD5E-CCEC-44F8-97C2-88276EAE2FD9}"
EndProject
Global
	GlobalSection(SolutionConfigurationPlatforms) = preSolution
		Debug|Any CPU = Debug|Any CPU
		Release|Any CPU = Release|Any CPU
	EndGlobalSection
	GlobalSection(ProjectConfigurationPlatforms) = postSolution
		{4AC9BD5E-CCEC-44F8-97C2-88276EAE2FD9}.Debug|Any CPU.ActiveCfg = Debug|Any CPU
		{4AC9BD5E-CCEC-44F8-97C2-88276EAE2FD9}.Debug|Any CPU.Build.0 = Debug|Any CPU
		{4AC9BD5E-CCEC-44F8-97C2-88276EAE2FD9}.Release|Any CPU.ActiveCfg = Release|Any CPU
		{4AC9BD5E-CCEC-44F8-97C2-88276EAE2FD9}.Release|Any CPU.Build.0 = Release|Any CPU
	EndGlobalSection
	GlobalSection(SolutionProperties) = preSolution
		HideSolutionNode = FALSE
	EndGlobalSection
	GlobalSection(ExtensibilityGlobals) = postSolution
		SolutionGuid = {C259A1CC-F3B7-455B-BADB-27BC4AA2B4A3}
	EndGlobalSection
EndGlobal
